# Generated by pub
# See https://dart.dev/tools/pub/glossary#lockfile
packages:
  archive:
    dependency: transitive
    description:
      name: archive
      sha256: "6199c74e3db4fbfbd04f66d739e72fe11c8a8957d5f219f1f4482dbde6420b5a"
      url: "https://pub.dev"
    source: hosted
    version: "4.0.2"
  _flutterfire_internals:
    dependency: transitive
    description:
      name: _flutterfire_internals
      sha256: e051259913915ea5bc8fe18664596bea08592fd123930605d562969cd7315fcd
      url: "https://pub.dev"
    source: hosted
    version: "1.3.51"
  async:
    dependency: transitive
    description:
      name: async
      sha256: "758e6d74e971c3e5aceb4110bfd6698efc7f501675bcfe0c775459a8140750eb"
      url: "https://pub.dev"
    source: hosted
    version: "2.13.0"
  audio_session:
    dependency: transitive
    description:
      name: audio_session
      sha256: "343e83bc7809fbda2591a49e525d6b63213ade10c76f15813be9aed6657b3261"
      url: "https://pub.dev"
    source: hosted
    version: "0.1.21"
  audioplayers:
    dependency: "direct main"
    description:
      name: audioplayers
      sha256: c346ba5a39dc208f1bab55fc239855f573d69b0e832402114bf0b793622adc4d
      url: "https://pub.dev"
    source: hosted
    version: "6.1.0"
  file_selector_macos:
    dependency: transitive
    description:
      name: file_selector_macos
      sha256: "271ab9986dfc0c135d45c3cdb6bd0faa5db6f4976d3e4b437cf7d0f258d941bfc"
      url: "https://pub.dev"
    source: hosted
    version: "0.9.4+2"
  audio_session:
    dependency: transitive
    description:
      name: audio_session
      sha256: "343e83bc7809fbda2591a49e525d6b63213ade10c76f15813be9aed6657b3261"
      url: "https://pub.dev"
    source: hosted
    version: "0.1.21"
  audioplayers_darwin:
    dependency: transitive
    description:
      name: audioplayers_darwin
      sha256: e507887f3ff18d8e5a10a668d7bedc28206b12e10b98347797257c6ae1019c3b
      url: "https://pub.dev"
    source: hosted
    version: "6.0.0"
  cloud_firestore:
    dependency: "direct dev"
    description:
      name: cloud_firestore
      sha256: d7204f3263ba3236c037972f1ea2821569bd7b896fa348c3d557e3b76b6dc143
      url: "https://pub.dev"
    source: hosted
    version: "5.6.3"
  firebase_auth:
    dependency: "direct dev"
    description:
      name: firebase_auth
      sha256: "2886a01a895565722add556510263231390a9f1d1d51eee34c22f9b94a73dd54"
      url: "https://pub.dev"
    source: hosted
    version: "5.4.2"
  firebase_core:
    dependency: transitive
    description:
      name: firebase_core
      sha256: "93dc4dd12f9b02c5767f235307f609e61ed9211047132d07f9e02c668f0bfc33"
      url: "https://pub.dev"
    source: hosted
    version: "3.11.0"
  firebase_storage:
    dependency: "direct dev"
    description:
      name: firebase_storage
      sha256: e84917f77ed7911837963ae4a12f345e00e6fbb7417a5dd61030ad1c70f87e87
      url: "https://pub.dev"
    source: hosted
    version: "12.4.2"
  just_audio:
    dependency: "direct main"
    description:
      name: just_audio
      sha256: a49e7120b95600bd357f37a2bb04cd1e88252f7cdea8f3368803779b925b1049
      url: "https://pub.dev"
    source: hosted
    version: "4.0.2"
  flutter_tts:
    dependency: "direct main"
    description:
      name: flutter_tts
      sha256: baa3cb6b4990318460fe28bfa8c7869399e97223971532c02bd97c5e876aa3c5
      url: "https://pub.dev"
    source: hosted
    version: "4.2.2"
sdks:
  dart: ">=3.7.0 <4.0.0"
  flutter: ">=3.27.0"
